
Microsoft Visual Studio Solution File, Format Version 12.00
# Visual Studio Version 16
VisualStudioVersion = 16.0.32602.291
MinimumVisualStudioVersion = 10.0.40219.1
Project("{FAE04EC0-301F-11D3-BF4B-00C04F79EFBC}") = "Upcasting - Downcasting", "Upcasting - Downcasting\Upcasting - Downcasting.csproj", "{C8AF97B2-A778-45D6-A560-B5D54D58FC30}"
EndProject
Global
	GlobalSection(SolutionConfigurationPlatforms) = preSolution
		Debug|Any CPU = Debug|Any CPU
		Release|Any CPU = Release|Any CPU
	EndGlobalSection
	GlobalSection(ProjectConfigurationPlatforms) = postSolution
		{C8AF97B2-A778-45D6-A560-B5D54D58FC30}.Debug|Any CPU.ActiveCfg = Debug|Any CPU
		{C8AF97B2-A778-45D6-A560-B5D54D58FC30}.Debug|Any CPU.Build.0 = Debug|Any CPU
		{C8AF97B2-A778-45D6-A560-B5D54D58FC30}.Release|Any CPU.ActiveCfg = Release|Any CPU
		{C8AF97B2-A778-45D6-A560-B5D54D58FC30}.Release|Any CPU.Build.0 = Release|Any CPU
	EndGlobalSection
	GlobalSection(SolutionProperties) = preSolution
		HideSolutionNode = FALSE
	EndGlobalSection
	GlobalSection(ExtensibilityGlobals) = postSolution
		SolutionGuid = {A2252968-4978-41E3-BAC5-3F488260C3CF}
	EndGlobalSection
EndGlobal
